PODS:
  - AwesomeSwiftSocks (0.1):
    - AwesomeSwiftSocksCore
  - AwesomeSwiftSocksCore (0.1)

DEPENDENCIES:
  - AwesomeSwiftSocks (from `../`)

EXTERNAL SOURCES:
  AwesomeSwiftSocks:
    :path: ../

SPEC CHECKSUMS:
  AwesomeSwiftSocks: c2b2676260be79f4d9d978f654e0cff095d6b1c5
  AwesomeSwiftSocksCore: b716e0c3b6b4c3ecacccc2b1104460be2949d5ac

PODFILE CHECKSUM: d8af04a1dc835425025b6fad27d227444f046b95

COCOAPODS: 1.0.1
